// !$*UTF8*$!
{
	archiveVersion = 1;
	classes = {
	};
	objectVersion = 56;
	objects = {

/* Begin PBXBuildFile section */
		1877CF8C29ADDAD1001F13E1 /* ViewControllerXIB.xib in Resources */ = {isa = PBXBuildFile; fileRef = 1877CF8B29ADDAD1001F13E1 /* ViewControllerXIB.xib */; };
		1877CF8F29ADDB43001F13E1 /* PageViewControllerXIB.xib in Resources */ = {isa = PBXBuildFile; fileRef = 1877CF8E29ADDB43001F13E1 /* PageViewControllerXIB.xib */; };
		1877CF9329ADE446001F13E1 /* CornerRadius.swift in Sources */ = {isa = PBXBuildFile; fileRef = 1877CF9229ADE446001F13E1 /* CornerRadius.swift */; };
		18B72E0229ADCC090039D1BC /* DataViewControllerXIB.swift in Sources */ = {isa = PBXBuildFile; fileRef = 18B72E0029ADCC090039D1BC /* DataViewControllerXIB.swift */; };
		18B72E0329ADCC090039D1BC /* DataViewControllerXIB.xib in Resources */ = {isa = PBXBuildFile; fileRef = 18B72E0129ADCC090039D1BC /* DataViewControllerXIB.xib */; };
		18F7E78E29ACD42B004F5931 /* AppDelegate.swift in Sources */ = {isa = PBXBuildFile; fileRef = 18F7E78D29ACD42B004F5931 /* AppDelegate.swift */; };
		18F7E79229ACD42B004F5931 /* ViewController.swift in Sources */ = {isa = PBXBuildFile; fileRef = 18F7E79129ACD42B004F5931 /* ViewController.swift */; };
		18F7E79729ACD42C004F5931 /* Assets.xcassets in Resources */ = {isa = PBXBuildFile; fileRef = 18F7E79629ACD42C004F5931 /* Assets.xcassets */; };
		18F7E79A29ACD42C004F5931 /* LaunchScreen.storyboard in Resources */ = {isa = PBXBuildFile; fileRef = 18F7E79829ACD42C004F5931 /* LaunchScreen.storyboard */; };
		18F7E7A229ACD534004F5931 /* PageViewController.swift in Sources */ = {isa = PBXBuildFile; fileRef = 18F7E7A129ACD534004F5931 /* PageViewController.swift */; };
/* End PBXBuildFile section */

/* Begin PBXFileReference section */
		1877CF8B29ADDAD1001F13E1 /* ViewControllerXIB.xib */ = {isa = PBXFileReference; lastKnownFileType = file.xib; path = ViewControllerXIB.xib; sourceTree = "<group>"; };
		1877CF8E29ADDB43001F13E1 /* PageViewControllerXIB.xib */ = {isa = PBXFileReference; lastKnownFileType = file.xib; path = PageViewControllerXIB.xib; sourceTree = "<group>"; };
		1877CF9229ADE446001F13E1 /* CornerRadius.swift */ = {isa = PBXFileReference; lastKnownFileType = sourcecode.swift; path = CornerRadius.swift; sourceTree = "<group>"; };
		18B72E0029ADCC090039D1BC /* DataViewControllerXIB.swift */ = {isa = PBXFileReference; lastKnownFileType = sourcecode.swift; path = DataViewControllerXIB.swift; sourceTree = "<group>"; };
		18B72E0129ADCC090039D1BC /* DataViewControllerXIB.xib */ = {isa = PBXFileReference; lastKnownFileType = file.xib; path = DataViewControllerXIB.xib; sourceTree = "<group>"; };
		18F7E78A29ACD42B004F5931 /* PageViewControllerPOC.app */ = {isa = PBXFileReference; explicitFileType = wrapper.application; includeInIndex = 0; path = PageViewControllerPOC.app; sourceTree = BUILT_PRODUCTS_DIR; };
		18F7E78D29ACD42B004F5931 /* AppDelegate.swift */ = {isa = PBXFileReference; lastKnownFileType = sourcecode.swift; path = AppDelegate.swift; sourceTree = "<group>"; };
		18F7E79129ACD42B004F5931 /* ViewController.swift */ = {isa = PBXFileReference; lastKnownFileType = sourcecode.swift; path = ViewController.swift; sourceTree = "<group>"; };
		18F7E79629ACD42C004F5931 /* Assets.xcassets */ = {isa = PBXFileReference; lastKnownFileType = folder.assetcatalog; path = Assets.xcassets; sourceTree = "<group>"; };
		18F7E79929ACD42C004F5931 /* Base */ = {isa = PBXFileReference; lastKnownFileType = file.storyboard; name = Base; path = Base.lproj/LaunchScreen.storyboard; sourceTree = "<group>"; };
		18F7E79B29ACD42C004F5931 /* Info.plist */ = {isa = PBXFileReference; lastKnownFileType = text.plist.xml; path = Info.plist; sourceTree = "<group>"; };
		18F7E7A129ACD534004F5931 /* PageViewController.swift */ = {isa = PBXFileReference; lastKnownFileType = sourcecode.swift; path = PageViewController.swift; sourceTree = "<group>"; };
/* End PBXFileReference section */

/* Begin PBXFrameworksBuildPhase section */
		18F7E78729ACD42B004F5931 /* Frameworks */ = {
			isa = PBXFrameworksBuildPhase;
			buildActionMask = 2147483647;
			files = (
			);
			runOnlyForDeploymentPostprocessing = 0;
		};
/* End PBXFrameworksBuildPhase section */

/* Begin PBXGroup section */
		1877CF8D29ADDAF3001F13E1 /* PageViewController */ = {
			isa = PBXGroup;
			children = (
				18F7E7A129ACD534004F5931 /* PageViewController.swift */,
				1877CF8E29ADDB43001F13E1 /* PageViewControllerXIB.xib */,
			);
			path = PageViewController;
			sourceTree = "<group>";
		};
		1877CF9029ADDB57001F13E1 /* DataViewController */ = {
			isa = PBXGroup;
			children = (
				18B72E0029ADCC090039D1BC /* DataViewControllerXIB.swift */,
				18B72E0129ADCC090039D1BC /* DataViewControllerXIB.xib */,
			);
			path = DataViewController;
			sourceTree = "<group>";
		};
		1877CF9129ADE418001F13E1 /* ViewModifier */ = {
			isa = PBXGroup;
			children = (
				1877CF9229ADE446001F13E1 /* CornerRadius.swift */,
			);
			path = ViewModifier;
			sourceTree = "<group>";
		};
		18B72E0829ADD9FF0039D1BC /* ViewController */ = {
			isa = PBXGroup;
			children = (
				18F7E79129ACD42B004F5931 /* ViewController.swift */,
				1877CF8B29ADDAD1001F13E1 /* ViewControllerXIB.xib */,
			);
			path = ViewController;
			sourceTree = "<group>";
		};
		18F7E78129ACD42B004F5931 = {
			isa = PBXGroup;
			children = (
				18F7E78C29ACD42B004F5931 /* PageViewControllerPOC */,
				18F7E78B29ACD42B004F5931 /* Products */,
			);
			sourceTree = "<group>";
		};
		18F7E78B29ACD42B004F5931 /* Products */ = {
			isa = PBXGroup;
			children = (
				18F7E78A29ACD42B004F5931 /* PageViewControllerPOC.app */,
			);
			name = Products;
			sourceTree = "<group>";
		};
		18F7E78C29ACD42B004F5931 /* PageViewControllerPOC */ = {
			isa = PBXGroup;
			children = (
				1877CF9129ADE418001F13E1 /* ViewModifier */,
				18B72E0829ADD9FF0039D1BC /* ViewController */,
				1877CF8D29ADDAF3001F13E1 /* PageViewController */,
				1877CF9029ADDB57001F13E1 /* DataViewController */,
				18F7E78D29ACD42B004F5931 /* AppDelegate.swift */,
				18F7E79629ACD42C004F5931 /* Assets.xcassets */,
				18F7E79829ACD42C004F5931 /* LaunchScreen.storyboard */,
				18F7E79B29ACD42C004F5931 /* Info.plist */,
			);
			path = PageViewControllerPOC;
			sourceTree = "<group>";
		};
/* End PBXGroup section */

/* Begin PBXNativeTarget section */
		18F7E78929ACD42B004F5931 /* PageViewControllerPOC */ = {
			isa = PBXNativeTarget;
			buildConfigurationList = 18F7E79E29ACD42C004F5931 /* Build configuration list for PBXNativeTarget "PageViewControllerPOC" */;
			buildPhases = (
				18F7E78629ACD42B004F5931 /* Sources */,
				18F7E78729ACD42B004F5931 /* Frameworks */,
				18F7E78829ACD42B004F5931 /* Resources */,
			);
			buildRules = (
			);
			dependencies = (
			);
			name = PageViewControllerPOC;
			productName = PageViewControllerPOC;
			productReference = 18F7E78A29ACD42B004F5931 /* PageViewControllerPOC.app */;
			productType = "com.apple.product-type.application";
		};
/* End PBXNativeTarget section */

/* Begin PBXProject section */
		18F7E78229ACD42B004F5931 /* Project object */ = {
			isa = PBXProject;
			attributes = {
				BuildIndependentTargetsInParallel = 1;
				LastSwiftUpdateCheck = 1410;
				LastUpgradeCheck = 1410;
				TargetAttributes = {
					18F7E78929ACD42B004F5931 = {
						CreatedOnToolsVersion = 14.1;
					};
				};
			};
			buildConfigurationList = 18F7E78529ACD42B004F5931 /* Build configuration list for PBXProject "PageViewControllerPOC" */;
			compatibilityVersion = "Xcode 14.0";
			developmentRegion = en;
			hasScannedForEncodings = 0;
			knownRegions = (
				en,
				Base,
			);
			mainGroup = 18F7E78129ACD42B004F5931;
			productRefGroup = 18F7E78B29ACD42B004F5931 /* Products */;
			projectDirPath = "";
			projectRoot = "";
			targets = (
				18F7E78929ACD42B004F5931 /* PageViewControllerPOC */,
			);
		};
/* End PBXProject section */

/* Begin PBXResourcesBuildPhase section */
		18F7E78829ACD42B004F5931 /* Resources */ = {
			isa = PBXResourcesBuildPhase;
			buildActionMask = 2147483647;
			files = (
				1877CF8C29ADDAD1001F13E1 /* ViewControllerXIB.xib in Resources */,
				18F7E79A29ACD42C004F5931 /* LaunchScreen.storyboard in Resources */,
				18B72E0329ADCC090039D1BC /* DataViewControllerXIB.xib in Resources */,
				1877CF8F29ADDB43001F13E1 /* PageViewControllerXIB.xib in Resources */,
				18F7E79729ACD42C004F5931 /* Assets.xcassets in Resources */,
			);
			runOnlyForDeploymentPostprocessing = 0;
		};
/* End PBXResourcesBuildPhase section */

/* Begin PBXSourcesBuildPhase section */
		18F7E78629ACD42B004F5931 /* Sources */ = {
			isa = PBXSourcesBuildPhase;
			buildActionMask = 2147483647;
			files = (
				18F7E79229ACD42B004F5931 /* ViewController.swift in Sources */,
				18F7E78E29ACD42B004F5931 /* AppDelegate.swift in Sources */,
				1877CF9329ADE446001F13E1 /* CornerRadius.swift in Sources */,
				18F7E7A229ACD534004F5931 /* PageViewController.swift in Sources */,
				18B72E0229ADCC090039D1BC /* DataViewControllerXIB.swift in Sources */,
			);
			runOnlyForDeploymentPostprocessing = 0;
		};
/* End PBXSourcesBuildPhase section */

/* Begin PBXVariantGroup section */
		18F7E79829ACD42C004F5931 /* LaunchScreen.storyboard */ = {
			isa = PBXVariantGroup;
			children = (
				18F7E79929ACD42C004F5931 /* Base */,
			);
			name = LaunchScreen.storyboard;
			sourceTree = "<group>";
		};
/* End PBXVariantGroup section */

/* Begin XCBuildConfiguration section */
		18F7E79C29ACD42C004F5931 /* Debug */ = {
			isa = XCBuildConfiguration;
			buildSettings = {
				ALWAYS_SEARCH_USER_PATHS = NO;
				CLANG_ANALYZER_NONNULL = YES;
				CLANG_ANALYZER_NUMBER_OBJECT_CONVERSION = YES_AGGRESSIVE;
				CLANG_CXX_LANGUAGE_STANDARD = "gnu++20";
				CLANG_ENABLE_MODULES = YES;
				CLANG_ENABLE_OBJC_ARC = YES;
				CLANG_ENABLE_OBJC_WEAK = YES;
				CLANG_WARN_BLOCK_CAPTURE_AUTORELEASING = YES;
				CLANG_WARN_BOOL_CONVERSION = YES;
				CLANG_WARN_COMMA = YES;
				CLANG_WARN_CONSTANT_CONVERSION = YES;
				CLANG_WARN_DEPRECATED_OBJC_IMPLEMENTATIONS = YES;
				CLANG_WARN_DIRECT_OBJC_ISA_USAGE = YES_ERROR;
				CLANG_WARN_DOCUMENTATION_COMMENTS = YES;
				CLANG_WARN_EMPTY_BODY = YES;
				CLANG_WARN_ENUM_CONVERSION = YES;
				CLANG_WARN_INFINITE_RECURSION = YES;
				CLANG_WARN_INT_CONVERSION = YES;
				CLANG_WARN_NON_LITERAL_NULL_CONVERSION = YES;
				CLANG_WARN_OBJC_IMPLICIT_RETAIN_SELF = YES;
				CLANG_WARN_OBJC_LITERAL_CONVERSION = YES;
				CLANG_WARN_OBJC_ROOT_CLASS = YES_ERROR;
				CLANG_WARN_QUOTED_INCLUDE_IN_FRAMEWORK_HEADER = YES;
				CLANG_WARN_RANGE_LOOP_ANALYSIS = YES;
				CLANG_WARN_STRICT_PROTOTYPES = YES;
				CLANG_WARN_SUSPICIOUS_MOVE = YES;
				CLANG_WARN_UNGUARDED_AVAILABILITY = YES_AGGRESSIVE;
				CLANG_WARN_UNREACHABLE_CODE = YES;
				CLANG_WARN__DUPLICATE_METHOD_MATCH = YES;
				COPY_PHASE_STRIP = NO;
				DEBUG_INFORMATION_FORMAT = dwarf;
				ENABLE_STRICT_OBJC_MSGSEND = YES;
				ENABLE_TESTABILITY = YES;
				GCC_C_LANGUAGE_STANDARD = gnu11;
				GCC_DYNAMIC_NO_PIC = NO;
				GCC_NO_COMMON_BLOCKS = YES;
				GCC_OPTIMIZATION_LEVEL = 0;
				GCC_PREPROCESSOR_DEFINITIONS = (
					"DEBUG=1",
					"$(inherited)",
				);
				GCC_WARN_64_TO_32_BIT_CONVERSION = YES;
				GCC_WARN_ABOUT_RETURN_TYPE = YES_ERROR;
				GCC_WARN_UNDECLARED_SELECTOR = YES;
				GCC_WARN_UNINITIALIZED_AUTOS = YES_AGGRESSIVE;
				GCC_WARN_UNUSED_FUNCTION = YES;
				GCC_WARN_UNUSED_VARIABLE = YES;
				IPHONEOS_DEPLOYMENT_TARGET = 16.1;
				MTL_ENABLE_DEBUG_INFO = INCLUDE_SOURCE;
				MTL_FAST_MATH = YES;
				ONLY_ACTIVE_ARCH = YES;
				SDKROOT = iphoneos;
				SWIFT_ACTIVE_COMPILATION_CONDITIONS = DEBUG;
				SWIFT_OPTIMIZATION_LEVEL = "-Onone";
			};
			name = Debug;
		};
		18F7E79D29ACD42C004F5931 /* Release */ = {
			isa = XCBuildConfiguration;
			buildSettings = {
				ALWAYS_SEARCH_USER_PATHS = NO;
				CLANG_ANALYZER_NONNULL = YES;
				CLANG_ANALYZER_NUMBER_OBJECT_CONVERSION = YES_AGGRESSIVE;
				CLANG_CXX_LANGUAGE_STANDARD = "gnu++20";
				CLANG_ENABLE_MODULES = YES;
				CLANG_ENABLE_OBJC_ARC = YES;
				CLANG_ENABLE_OBJC_WEAK = YES;
				CLANG_WARN_BLOCK_CAPTURE_AUTORELEASING = YES;
				CLANG_WARN_BOOL_CONVERSION = YES;
				CLANG_WARN_COMMA = YES;
				CLANG_WARN_CONSTANT_CONVERSION = YES;
				CLANG_WARN_DEPRECATED_OBJC_IMPLEMENTATIONS = YES;
				CLANG_WARN_DIRECT_OBJC_ISA_USAGE = YES_ERROR;
				CLANG_WARN_DOCUMENTATION_COMMENTS = YES;
				CLANG_WARN_EMPTY_BODY = YES;
				CLANG_WARN_ENUM_CONVERSION = YES;
				CLANG_WARN_INFINITE_RECURSION = YES;
				CLANG_WARN_INT_CONVERSION = YES;
				CLANG_WARN_NON_LITERAL_NULL_CONVERSION = YES;
				CLANG_WARN_OBJC_IMPLICIT_RETAIN_SELF = YES;
				CLANG_WARN_OBJC_LITERAL_CONVERSION = YES;
				CLANG_WARN_OBJC_ROOT_CLASS = YES_ERROR;
				CLANG_WARN_QUOTED_INCLUDE_IN_FRAMEWORK_HEADER = YES;
				CLANG_WARN_RANGE_LOOP_ANALYSIS = YES;
				CLANG_WARN_STRICT_PROTOTYPES = YES;
				CLANG_WARN_SUSPICIOUS_MOVE = YES;
				CLANG_WARN_UNGUARDED_AVAILABILITY = YES_AGGRESSIVE;
				CLANG_WARN_UNREACHABLE_CODE = YES;
				CLANG_WARN__DUPLICATE_METHOD_MATCH = YES;
				COPY_PHASE_STRIP = NO;
				DEBUG_INFORMATION_FORMAT = "dwarf-with-dsym";
				ENABLE_NS_ASSERTIONS = NO;
				ENABLE_STRICT_OBJC_MSGSEND = YES;
				GCC_C_LANGUAGE_STANDARD = gnu11;
				GCC_NO_COMMON_BLOCKS = YES;
				GCC_WARN_64_TO_32_BIT_CONVERSION = YES;
				GCC_WARN_ABOUT_RETURN_TYPE = YES_ERROR;
				GCC_WARN_UNDECLARED_SELECTOR = YES;
				GCC_WARN_UNINITIALIZED_AUTOS = YES_AGGRESSIVE;
				GCC_WARN_UNUSED_FUNCTION = YES;
				GCC_WARN_UNUSED_VARIABLE = YES;
				IPHONEOS_DEPLOYMENT_TARGET = 16.1;
				MTL_ENABLE_DEBUG_INFO = NO;
				MTL_FAST_MATH = YES;
				SDKROOT = iphoneos;
				SWIFT_COMPILATION_MODE = wholemodule;
				SWIFT_OPTIMIZATION_LEVEL = "-O";
				VALIDATE_PRODUCT = YES;
			};
			name = Release;
		};
		18F7E79F29ACD42C004F5931 /* Debug */ = {
			isa = XCBuildConfiguration;
			buildSettings = {
				ASSETCATALOG_COMPILER_APPICON_NAME = AppIcon;
				ASSETCATALOG_COMPILER_GLOBAL_ACCENT_COLOR_NAME = AccentColor;
				CODE_SIGN_STYLE = Automatic;
				CURRENT_PROJECT_VERSION = 1;
				DEVELOPMENT_TEAM = SY4CHD2YQ6;
				GENERATE_INFOPLIST_FILE = YES;
				INFOPLIST_FILE = PageViewControllerPOC/Info.plist;
				INFOPLIST_KEY_UIApplicationSupportsIndirectInputEvents = YES;
				INFOPLIST_KEY_UILaunchStoryboardName = LaunchScreen;
				INFOPLIST_KEY_UISupportedInterfaceOrientations_iPad = "UIInterfaceOrientationPortrait UIInterfaceOrientationPortraitUpsideDown UIInterfaceOrientationLandscapeLeft UIInterfaceOrientationLandscapeRight";
				INFOPLIST_KEY_UISupportedInterfaceOrientations_iPhone = "UIInterfaceOrientationPortrait UIInterfaceOrientationLandscapeLeft UIInterfaceOrientationLandscapeRight";
				LD_RUNPATH_SEARCH_PATHS = (
					"$(inherited)",
					"@executable_path/Frameworks",
				);
				MARKETING_VERSION = 1.0;
				PRODUCT_BUNDLE_IDENTIFIER = com.PageViewControllerPOC;
				PRODUCT_NAME = "$(TARGET_NAME)";
				SWIFT_EMIT_LOC_STRINGS = YES;
				SWIFT_VERSION = 5.0;
				TARGETED_DEVICE_FAMILY = "1,2";
			};
			name = Debug;
		};
		18F7E7A029ACD42C004F5931 /* Release */ = {
			isa = XCBuildConfiguration;
			buildSettings = {
				ASSETCATALOG_COMPILER_APPICON_NAME = AppIcon;
				ASSETCATALOG_COMPILER_GLOBAL_ACCENT_COLOR_NAME = AccentColor;
				CODE_SIGN_STYLE = Automatic;
				CURRENT_PROJECT_VERSION = 1;
				DEVELOPMENT_TEAM = SY4CHD2YQ6;
				GENERATE_INFOPLIST_FILE = YES;
				INFOPLIST_FILE = PageViewControllerPOC/Info.plist;
				INFOPLIST_KEY_UIApplicationSupportsIndirectInputEvents = YES;
				INFOPLIST_KEY_UILaunchStoryboardName = LaunchScreen;
				INFOPLIST_KEY_UISupportedInterfaceOrientations_iPad = "UIInterfaceOrientationPortrait UIInterfaceOrientationPortraitUpsideDown UIInterfaceOrientationLandscapeLeft UIInterfaceOrientationLandscapeRight";
				INFOPLIST_KEY_UISupportedInterfaceOrientations_iPhone = "UIInterfaceOrientationPortrait UIInterfaceOrientationLandscapeLeft UIInterfaceOrientationLandscapeRight";
				LD_RUNPATH_SEARCH_PATHS = (
					"$(inherited)",
					"@executable_path/Frameworks",
				);
				MARKETING_VERSION = 1.0;
				PRODUCT_BUNDLE_IDENTIFIER = com.PageViewControllerPOC;
				PRODUCT_NAME = "$(TARGET_NAME)";
				SWIFT_EMIT_LOC_STRINGS = YES;
				SWIFT_VERSION = 5.0;
				TARGETED_DEVICE_FAMILY = "1,2";
			};
			name = Release;
		};
/* End XCBuildConfiguration section */

/* Begin XCConfigurationList section */
		18F7E78529ACD42B004F5931 /* Build configuration list for PBXProject "PageViewControllerPOC" */ = {
			isa = XCConfigurationList;
			buildConfigurations = (
				18F7E79C29ACD42C004F5931 /* Debug */,
				18F7E79D29ACD42C004F5931 /* Release */,
			);
			defaultConfigurationIsVisible = 0;
			defaultConfigurationName = Release;
		};
		18F7E79E29ACD42C004F5931 /* Build configuration list for PBXNativeTarget "PageViewControllerPOC" */ = {
			isa = XCConfigurationList;
			buildConfigurations = (
				18F7E79F29ACD42C004F5931 /* Debug */,
				18F7E7A029ACD42C004F5931 /* Release */,
			);
			defaultConfigurationIsVisible = 0;
			defaultConfigurationName = Release;
		};
/* End XCConfigurationList section */
	};
	rootObject = 18F7E78229ACD42B004F5931 /* Project object */;
}
